
Microsoft Visual Studio Solution File, Format Version 12.00
# Visual Studio Version 16
VisualStudioVersion = 16.0.30011.22
MinimumVisualStudioVersion = 10.0.40219.1
Project("{FAE04EC0-301F-11D3-BF4B-00C04F79EFBC}") = "WebExercises", "WebExercises\WebExercises.csproj", "{732CE219-4AC8-4A0B-AFE6-D48D553DC52E}"
EndProject
Project("{FAE04EC0-301F-11D3-BF4B-00C04F79EFBC}") = "FSISSystem", "FSISSystem\FSISSystem.csproj", "{46315A49-6D82-406D-95FA-C435C7A33833}"
EndProject
Global
	GlobalSection(SolutionConfigurationPlatforms) = preSolution
		Debug|Any CPU = Debug|Any CPU
		Release|Any CPU = Release|Any CPU
	EndGlobalSection
	GlobalSection(ProjectConfigurationPlatforms) = postSolution
		{732CE219-4AC8-4A0B-AFE6-D48D553DC52E}.Debug|Any CPU.ActiveCfg = Debug|Any CPU
		{732CE219-4AC8-4A0B-AFE6-D48D553DC52E}.Debug|Any CPU.Build.0 = Debug|Any CPU
		{732CE219-4AC8-4A0B-AFE6-D48D553DC52E}.Release|Any CPU.ActiveCfg = Release|Any CPU
		{732CE219-4AC8-4A0B-AFE6-D48D553DC52E}.Release|Any CPU.Build.0 = Release|Any CPU
		{46315A49-6D82-406D-95FA-C435C7A33833}.Debug|Any CPU.ActiveCfg = Debug|Any CPU
		{46315A49-6D82-406D-95FA-C435C7A33833}.Debug|Any CPU.Build.0 = Debug|Any CPU
		{46315A49-6D82-406D-95FA-C435C7A33833}.Release|Any CPU.ActiveCfg = Release|Any CPU
		{46315A49-6D82-406D-95FA-C435C7A33833}.Release|Any CPU.Build.0 = Release|Any CPU
	EndGlobalSection
	GlobalSection(SolutionProperties) = preSolution
		HideSolutionNode = FALSE
	EndGlobalSection
	GlobalSection(ExtensibilityGlobals) = postSolution
		SolutionGuid = {58D87AD3-E958-4F48-88C2-015977231FE8}
	EndGlobalSection
EndGlobal
